// !$*UTF8*$!
{
	archiveVersion = 1;
	classes = {
	};
	objectVersion = 46;
	objects = {

/* Begin PBXBuildFile section */
		5096EF281C7013A500567D7C /* main.m in Sources */ = {isa = PBXBuildFile; fileRef = 5096EF271C7013A500567D7C /* main.m */; };
		5096EF2B1C7013A500567D7C /* AppDelegate.m in Sources */ = {isa = PBXBuildFile; fileRef = 5096EF2A1C7013A500567D7C /* AppDelegate.m */; };
		5096EF2E1C7013A500567D7C /* ViewController.m in Sources */ = {isa = PBXBuildFile; fileRef = 5096EF2D1C7013A500567D7C /* ViewController.m */; };
		5096EF311C7013A500567D7C /* Main.storyboard in Resources */ = {isa = PBXBuildFile; fileRef = 5096EF2F1C7013A500567D7C /* Main.storyboard */; };
		5096EF331C7013A500567D7C /* Assets.xcassets in Resources */ = {isa = PBXBuildFile; fileRef = 5096EF321C7013A500567D7C /* Assets.xcassets */; };
		5096EF361C7013A500567D7C /* LaunchScreen.storyboard in Resources */ = {isa = PBXBuildFile; fileRef = 5096EF341C7013A500567D7C /* LaunchScreen.storyboard */; };
		5096EF411C7013A600567D7C /* WXKitDemoTests.m in Sources */ = {isa = PBXBuildFile; fileRef = 5096EF401C7013A600567D7C /* WXKitDemoTests.m */; };
		5096EF4F1C70140C00567D7C /* WXLoadingView.m in Sources */ = {isa = PBXBuildFile; fileRef = 5096EF4E1C70140C00567D7C /* WXLoadingView.m */; };
		5096EF571C7050AC00567D7C /* WXToastView.m in Sources */ = {isa = PBXBuildFile; fileRef = 5096EF561C7050AC00567D7C /* WXToastView.m */; };
/* End PBXBuildFile section */

/* Begin PBXContainerItemProxy section */
		5096EF3D1C7013A600567D7C /* PBXContainerItemProxy */ = {
			isa = PBXContainerItemProxy;
			containerPortal = 5096EF1B1C7013A500567D7C /* Project object */;
			proxyType = 1;
			remoteGlobalIDString = 5096EF221C7013A500567D7C;
			remoteInfo = WXKitDemo;
		};
/* End PBXContainerItemProxy section */

/* Begin PBXFileReference section */
		5096EF231C7013A500567D7C /* WXKitDemo.app */ = {isa = PBXFileReference; explicitFileType = wrapper.application; includeInIndex = 0; path = WXKitDemo.app; sourceTree = BUILT_PRODUCTS_DIR; };
		5096EF271C7013A500567D7C /* main.m */ = {isa = PBXFileReference; lastKnownFileType = sourcecode.c.objc; path = main.m; sourceTree = "<group>"; };
		5096EF291C7013A500567D7C /* AppDelegate.h */ = {isa = PBXFileReference; lastKnownFileType = sourcecode.c.h; path = AppDelegate.h; sourceTree = "<group>"; };
		5096EF2A1C7013A500567D7C /* AppDelegate.m */ = {isa = PBXFileReference; lastKnownFileType = sourcecode.c.objc; path = AppDelegate.m; sourceTree = "<group>"; };
		5096EF2C1C7013A500567D7C /* ViewController.h */ = {isa = PBXFileReference; lastKnownFileType = sourcecode.c.h; path = ViewController.h; sourceTree = "<group>"; };
		5096EF2D1C7013A500567D7C /* ViewController.m */ = {isa = PBXFileReference; lastKnownFileType = sourcecode.c.objc; path = ViewController.m; sourceTree = "<group>"; };
		5096EF301C7013A500567D7C /* Base */ = {isa = PBXFileReference; lastKnownFileType = file.storyboard; name = Base; path = Base.lproj/Main.storyboard; sourceTree = "<group>"; };
		5096EF321C7013A500567D7C /* Assets.xcassets */ = {isa = PBXFileReference; lastKnownFileType = folder.assetcatalog; path = Assets.xcassets; sourceTree = "<group>"; };
		5096EF351C7013A500567D7C /* Base */ = {isa = PBXFileReference; lastKnownFileType = file.storyboard; name = Base; path = Base.lproj/LaunchScreen.storyboard; sourceTree = "<group>"; };
		5096EF371C7013A500567D7C /* Info.plist */ = {isa = PBXFileReference; lastKnownFileType = text.plist.xml; path = Info.plist; sourceTree = "<group>"; };
		5096EF3C1C7013A600567D7C /* WXKitDemoTests.xctest */ = {isa = PBXFileReference; explicitFileType = wrapper.cfbundle; includeInIndex = 0; path = WXKitDemoTests.xctest; sourceTree = BUILT_PRODUCTS_DIR; };
		5096EF401C7013A600567D7C /* WXKitDemoTests.m */ = {isa = PBXFileReference; lastKnownFileType = sourcecode.c.objc; path = WXKitDemoTests.m; sourceTree = "<group>"; };
		5096EF421C7013A600567D7C /* Info.plist */ = {isa = PBXFileReference; lastKnownFileType = text.plist.xml; path = Info.plist; sourceTree = "<group>"; };
		5096EF4D1C70140C00567D7C /* WXLoadingView.h */ = {isa = PBXFileReference; fileEncoding = 4; lastKnownFileType = sourcecode.c.h; path = WXLoadingView.h; sourceTree = "<group>"; };
		5096EF4E1C70140C00567D7C /* WXLoadingView.m */ = {isa = PBXFileReference; fileEncoding = 4; lastKnownFileType = sourcecode.c.objc; path = WXLoadingView.m; sourceTree = "<group>"; };
		5096EF551C7050AC00567D7C /* WXToastView.h */ = {isa = PBXFileReference; fileEncoding = 4; lastKnownFileType = sourcecode.c.h; path = WXToastView.h; sourceTree = "<group>"; };
		5096EF561C7050AC00567D7C /* WXToastView.m */ = {isa = PBXFileReference; fileEncoding = 4; lastKnownFileType = sourcecode.c.objc; path = WXToastView.m; sourceTree = "<group>"; };
/* End PBXFileReference section */

/* Begin PBXFrameworksBuildPhase section */
		5096EF201C7013A500567D7C /* Frameworks */ = {
			isa = PBXFrameworksBuildPhase;
			buildActionMask = 2147483647;
			files = (
			);
			runOnlyForDeploymentPostprocessing = 0;
		};
		5096EF391C7013A600567D7C /* Frameworks */ = {
			isa = PBXFrameworksBuildPhase;
			buildActionMask = 2147483647;
			files = (
			);
			runOnlyForDeploymentPostprocessing = 0;
		};
/* End PBXFrameworksBuildPhase section */

/* Begin PBXGroup section */
		5096EF1A1C7013A500567D7C = {
			isa = PBXGroup;
			children = (
				5096EF241C7013A500567D7C /* Products */,
				5096EF251C7013A500567D7C /* WXKitDemo */,
				5096EF3F1C7013A600567D7C /* WXKitDemoTests */,
			);
			sourceTree = "<group>";
		};
		5096EF241C7013A500567D7C /* Products */ = {
			isa = PBXGroup;
			children = (
				5096EF231C7013A500567D7C /* WXKitDemo.app */,
				5096EF3C1C7013A600567D7C /* WXKitDemoTests.xctest */,
			);
			name = Products;
			sourceTree = "<group>";
		};
		5096EF251C7013A500567D7C /* WXKitDemo */ = {
			isa = PBXGroup;
			children = (
				5096EF261C7013A500567D7C /* Supporting Files */,
				5096EF4B1C7013AC00567D7C /* WXLoading */,
				5096EF541C70508100567D7C /* WXToast */,
				5096EF291C7013A500567D7C /* AppDelegate.h */,
				5096EF2A1C7013A500567D7C /* AppDelegate.m */,
				5096EF321C7013A500567D7C /* Assets.xcassets */,
				5096EF371C7013A500567D7C /* Info.plist */,
				5096EF341C7013A500567D7C /* LaunchScreen.storyboard */,
				5096EF2F1C7013A500567D7C /* Main.storyboard */,
				5096EF2C1C7013A500567D7C /* ViewController.h */,
				5096EF2D1C7013A500567D7C /* ViewController.m */,
			);
			path = WXKitDemo;
			sourceTree = "<group>";
		};
		5096EF261C7013A500567D7C /* Supporting Files */ = {
			isa = PBXGroup;
			children = (
				5096EF271C7013A500567D7C /* main.m */,
			);
			path = "Supporting Files";
			sourceTree = "<group>";
		};
		5096EF3F1C7013A600567D7C /* WXKitDemoTests */ = {
			isa = PBXGroup;
			children = (
				5096EF421C7013A600567D7C /* Info.plist */,
				5096EF401C7013A600567D7C /* WXKitDemoTests.m */,
			);
			path = WXKitDemoTests;
			sourceTree = "<group>";
		};
		5096EF4B1C7013AC00567D7C /* WXLoading */ = {
			isa = PBXGroup;
			children = (
				5096EF4D1C70140C00567D7C /* WXLoadingView.h */,
				5096EF4E1C70140C00567D7C /* WXLoadingView.m */,
			);
			path = WXLoading;
			sourceTree = "<group>";
		};
		5096EF541C70508100567D7C /* WXToast */ = {
			isa = PBXGroup;
			children = (
				5096EF551C7050AC00567D7C /* WXToastView.h */,
				5096EF561C7050AC00567D7C /* WXToastView.m */,
			);
			path = WXToast;
			sourceTree = "<group>";
		};
/* End PBXGroup section */

/* Begin PBXNativeTarget section */
		5096EF221C7013A500567D7C /* WXKitDemo */ = {
			isa = PBXNativeTarget;
			buildConfigurationList = 5096EF451C7013A600567D7C /* Build configuration list for PBXNativeTarget "WXKitDemo" */;
			buildPhases = (
				5096EF1F1C7013A500567D7C /* Sources */,
				5096EF201C7013A500567D7C /* Frameworks */,
				5096EF211C7013A500567D7C /* Resources */,
			);
			buildRules = (
			);
			dependencies = (
			);
			name = WXKitDemo;
			productName = WXKitDemo;
			productReference = 5096EF231C7013A500567D7C /* WXKitDemo.app */;
			productType = "com.apple.product-type.application";
		};
		5096EF3B1C7013A600567D7C /* WXKitDemoTests */ = {
			isa = PBXNativeTarget;
			buildConfigurationList = 5096EF481C7013A600567D7C /* Build configuration list for PBXNativeTarget "WXKitDemoTests" */;
			buildPhases = (
				5096EF381C7013A600567D7C /* Sources */,
				5096EF391C7013A600567D7C /* Frameworks */,
				5096EF3A1C7013A600567D7C /* Resources */,
			);
			buildRules = (
			);
			dependencies = (
				5096EF3E1C7013A600567D7C /* PBXTargetDependency */,
			);
			name = WXKitDemoTests;
			productName = WXKitDemoTests;
			productReference = 5096EF3C1C7013A600567D7C /* WXKitDemoTests.xctest */;
			productType = "com.apple.product-type.bundle.unit-test";
		};
/* End PBXNativeTarget section */

/* Begin PBXProject section */
		5096EF1B1C7013A500567D7C /* Project object */ = {
			isa = PBXProject;
			attributes = {
				LastUpgradeCheck = 0710;
				ORGANIZATIONNAME = wenchao;
				TargetAttributes = {
					5096EF221C7013A500567D7C = {
						CreatedOnToolsVersion = 7.1;
					};
					5096EF3B1C7013A600567D7C = {
						CreatedOnToolsVersion = 7.1;
						TestTargetID = 5096EF221C7013A500567D7C;
					};
				};
			};
			buildConfigurationList = 5096EF1E1C7013A500567D7C /* Build configuration list for PBXProject "WXKitDemo" */;
			compatibilityVersion = "Xcode 3.2";
			developmentRegion = English;
			hasScannedForEncodings = 0;
			knownRegions = (
				en,
				Base,
			);
			mainGroup = 5096EF1A1C7013A500567D7C;
			productRefGroup = 5096EF241C7013A500567D7C /* Products */;
			projectDirPath = "";
			projectRoot = "";
			targets = (
				5096EF221C7013A500567D7C /* WXKitDemo */,
				5096EF3B1C7013A600567D7C /* WXKitDemoTests */,
			);
		};
/* End PBXProject section */

/* Begin PBXResourcesBuildPhase section */
		5096EF211C7013A500567D7C /* Resources */ = {
			isa = PBXResourcesBuildPhase;
			buildActionMask = 2147483647;
			files = (
				5096EF361C7013A500567D7C /* LaunchScreen.storyboard in Resources */,
				5096EF331C7013A500567D7C /* Assets.xcassets in Resources */,
				5096EF311C7013A500567D7C /* Main.storyboard in Resources */,
			);
			runOnlyForDeploymentPostprocessing = 0;
		};
		5096EF3A1C7013A600567D7C /* Resources */ = {
			isa = PBXResourcesBuildPhase;
			buildActionMask = 2147483647;
			files = (
			);
			runOnlyForDeploymentPostprocessing = 0;
		};
/* End PBXResourcesBuildPhase section */

/* Begin PBXSourcesBuildPhase section */
		5096EF1F1C7013A500567D7C /* Sources */ = {
			isa = PBXSourcesBuildPhase;
			buildActionMask = 2147483647;
			files = (
				5096EF2E1C7013A500567D7C /* ViewController.m in Sources */,
				5096EF571C7050AC00567D7C /* WXToastView.m in Sources */,
				5096EF2B1C7013A500567D7C /* AppDelegate.m in Sources */,
				5096EF4F1C70140C00567D7C /* WXLoadingView.m in Sources */,
				5096EF281C7013A500567D7C /* main.m in Sources */,
			);
			runOnlyForDeploymentPostprocessing = 0;
		};
		5096EF381C7013A600567D7C /* Sources */ = {
			isa = PBXSourcesBuildPhase;
			buildActionMask = 2147483647;
			files = (
				5096EF411C7013A600567D7C /* WXKitDemoTests.m in Sources */,
			);
			runOnlyForDeploymentPostprocessing = 0;
		};
/* End PBXSourcesBuildPhase section */

/* Begin PBXTargetDependency section */
		5096EF3E1C7013A600567D7C /* PBXTargetDependency */ = {
			isa = PBXTargetDependency;
			target = 5096EF221C7013A500567D7C /* WXKitDemo */;
			targetProxy = 5096EF3D1C7013A600567D7C /* PBXContainerItemProxy */;
		};
/* End PBXTargetDependency section */

/* Begin PBXVariantGroup section */
		5096EF2F1C7013A500567D7C /* Main.storyboard */ = {
			isa = PBXVariantGroup;
			children = (
				5096EF301C7013A500567D7C /* Base */,
			);
			name = Main.storyboard;
			path = .;
			sourceTree = "<group>";
		};
		5096EF341C7013A500567D7C /* LaunchScreen.storyboard */ = {
			isa = PBXVariantGroup;
			children = (
				5096EF351C7013A500567D7C /* Base */,
			);
			name = LaunchScreen.storyboard;
			path = .;
			sourceTree = "<group>";
		};
/* End PBXVariantGroup section */

/* Begin XCBuildConfiguration section */
		5096EF431C7013A600567D7C /* Debug */ = {
			isa = XCBuildConfiguration;
			buildSettings = {
				ALWAYS_SEARCH_USER_PATHS = NO;
				CLANG_CXX_LANGUAGE_STANDARD = "gnu++0x";
				CLANG_CXX_LIBRARY = "libc++";
				CLANG_ENABLE_MODULES = YES;
				CLANG_ENABLE_OBJC_ARC = YES;
				CLANG_WARN_BOOL_CONVERSION = YES;
				CLANG_WARN_CONSTANT_CONVERSION = YES;
				CLANG_WARN_DIRECT_OBJC_ISA_USAGE = YES_ERROR;
				CLANG_WARN_EMPTY_BODY = YES;
				CLANG_WARN_ENUM_CONVERSION = YES;
				CLANG_WARN_INT_CONVERSION = YES;
				CLANG_WARN_OBJC_ROOT_CLASS = YES_ERROR;
				CLANG_WARN_UNREACHABLE_CODE = YES;
				CLANG_WARN__DUPLICATE_METHOD_MATCH = YES;
				"CODE_SIGN_IDENTITY[sdk=iphoneos*]" = "iPhone Developer";
				COPY_PHASE_STRIP = NO;
				DEBUG_INFORMATION_FORMAT = dwarf;
				ENABLE_STRICT_OBJC_MSGSEND = YES;
				ENABLE_TESTABILITY = YES;
				GCC_C_LANGUAGE_STANDARD = gnu99;
				GCC_DYNAMIC_NO_PIC = NO;
				GCC_NO_COMMON_BLOCKS = YES;
				GCC_OPTIMIZATION_LEVEL = 0;
				GCC_PREPROCESSOR_DEFINITIONS = (
					"DEBUG=1",
					"$(inherited)",
				);
				GCC_WARN_64_TO_32_BIT_CONVERSION = YES;
				GCC_WARN_ABOUT_RETURN_TYPE = YES_ERROR;
				GCC_WARN_UNDECLARED_SELECTOR = YES;
				GCC_WARN_UNINITIALIZED_AUTOS = YES_AGGRESSIVE;
				GCC_WARN_UNUSED_FUNCTION = YES;
				GCC_WARN_UNUSED_VARIABLE = YES;
				IPHONEOS_DEPLOYMENT_TARGET = 9.1;
				MTL_ENABLE_DEBUG_INFO = YES;
				ONLY_ACTIVE_ARCH = YES;
				SDKROOT = iphoneos;
				TARGETED_DEVICE_FAMILY = "1,2";
			};
			name = Debug;
		};
		5096EF441C7013A600567D7C /* Release */ = {
			isa = XCBuildConfiguration;
			buildSettings = {
				ALWAYS_SEARCH_USER_PATHS = NO;
				CLANG_CXX_LANGUAGE_STANDARD = "gnu++0x";
				CLANG_CXX_LIBRARY = "libc++";
				CLANG_ENABLE_MODULES = YES;
				CLANG_ENABLE_OBJC_ARC = YES;
				CLANG_WARN_BOOL_CONVERSION = YES;
				CLANG_WARN_CONSTANT_CONVERSION = YES;
				CLANG_WARN_DIRECT_OBJC_ISA_USAGE = YES_ERROR;
				CLANG_WARN_EMPTY_BODY = YES;
				CLANG_WARN_ENUM_CONVERSION = YES;
				CLANG_WARN_INT_CONVERSION = YES;
				CLANG_WARN_OBJC_ROOT_CLASS = YES_ERROR;
				CLANG_WARN_UNREACHABLE_CODE = YES;
				CLANG_WARN__DUPLICATE_METHOD_MATCH = YES;
				"CODE_SIGN_IDENTITY[sdk=iphoneos*]" = "iPhone Developer";
				COPY_PHASE_STRIP = NO;
				DEBUG_INFORMATION_FORMAT = "dwarf-with-dsym";
				ENABLE_NS_ASSERTIONS = NO;
				ENABLE_STRICT_OBJC_MSGSEND = YES;
				GCC_C_LANGUAGE_STANDARD = gnu99;
				GCC_NO_COMMON_BLOCKS = YES;
				GCC_WARN_64_TO_32_BIT_CONVERSION = YES;
				GCC_WARN_ABOUT_RETURN_TYPE = YES_ERROR;
				GCC_WARN_UNDECLARED_SELECTOR = YES;
				GCC_WARN_UNINITIALIZED_AUTOS = YES_AGGRESSIVE;
				GCC_WARN_UNUSED_FUNCTION = YES;
				GCC_WARN_UNUSED_VARIABLE = YES;
				IPHONEOS_DEPLOYMENT_TARGET = 9.1;
				MTL_ENABLE_DEBUG_INFO = NO;
				SDKROOT = iphoneos;
				TARGETED_DEVICE_FAMILY = "1,2";
				VALIDATE_PRODUCT = YES;
			};
			name = Release;
		};
		5096EF461C7013A600567D7C /* Debug */ = {
			isa = XCBuildConfiguration;
			buildSettings = {
				ASSETCATALOG_COMPILER_APPICON_NAME = AppIcon;
				INFOPLIST_FILE = WXKitDemo/Info.plist;
				LD_RUNPATH_SEARCH_PATHS = "$(inherited) @executable_path/Frameworks";
				PRODUCT_BUNDLE_IDENTIFIER = com.WXKitDemo;
				PRODUCT_NAME = "$(TARGET_NAME)";
			};
			name = Debug;
		};
		5096EF471C7013A600567D7C /* Release */ = {
			isa = XCBuildConfiguration;
			buildSettings = {
				ASSETCATALOG_COMPILER_APPICON_NAME = AppIcon;
				INFOPLIST_FILE = WXKitDemo/Info.plist;
				LD_RUNPATH_SEARCH_PATHS = "$(inherited) @executable_path/Frameworks";
				PRODUCT_BUNDLE_IDENTIFIER = com.WXKitDemo;
				PRODUCT_NAME = "$(TARGET_NAME)";
			};
			name = Release;
		};
		5096EF491C7013A600567D7C /* Debug */ = {
			isa = XCBuildConfiguration;
			buildSettings = {
				BUNDLE_LOADER = "$(TEST_HOST)";
				INFOPLIST_FILE = WXKitDemoTests/Info.plist;
				LD_RUNPATH_SEARCH_PATHS = "$(inherited) @executable_path/Frameworks @loader_path/Frameworks";
				PRODUCT_BUNDLE_IDENTIFIER = com.WXKitDemoTests;
				PRODUCT_NAME = "$(TARGET_NAME)";
				TEST_HOST = "$(BUILT_PRODUCTS_DIR)/WXKitDemo.app/WXKitDemo";
			};
			name = Debug;
		};
		5096EF4A1C7013A600567D7C /* Release */ = {
			isa = XCBuildConfiguration;
			buildSettings = {
				BUNDLE_LOADER = "$(TEST_HOST)";
				INFOPLIST_FILE = WXKitDemoTests/Info.plist;
				LD_RUNPATH_SEARCH_PATHS = "$(inherited) @executable_path/Frameworks @loader_path/Frameworks";
				PRODUCT_BUNDLE_IDENTIFIER = com.WXKitDemoTests;
				PRODUCT_NAME = "$(TARGET_NAME)";
				TEST_HOST = "$(BUILT_PRODUCTS_DIR)/WXKitDemo.app/WXKitDemo";
			};
			name = Release;
		};
/* End XCBuildConfiguration section */

/* Begin XCConfigurationList section */
		5096EF1E1C7013A500567D7C /* Build configuration list for PBXProject "WXKitDemo" */ = {
			isa = XCConfigurationList;
			buildConfigurations = (
				5096EF431C7013A600567D7C /* Debug */,
				5096EF441C7013A600567D7C /* Release */,
			);
			defaultConfigurationIsVisible = 0;
			defaultConfigurationName = Release;
		};
		5096EF451C7013A600567D7C /* Build configuration list for PBXNativeTarget "WXKitDemo" */ = {
			isa = XCConfigurationList;
			buildConfigurations = (
				5096EF461C7013A600567D7C /* Debug */,
				5096EF471C7013A600567D7C /* Release */,
			);
			defaultConfigurationIsVisible = 0;
			defaultConfigurationName = Release;
		};
		5096EF481C7013A600567D7C /* Build configuration list for PBXNativeTarget "WXKitDemoTests" */ = {
			isa = XCConfigurationList;
			buildConfigurations = (
				5096EF491C7013A600567D7C /* Debug */,
				5096EF4A1C7013A600567D7C /* Release */,
			);
			defaultConfigurationIsVisible = 0;
			defaultConfigurationName = Release;
		};
/* End XCConfigurationList section */
	};
	rootObject = 5096EF1B1C7013A500567D7C /* Project object */;
}
